
Microsoft Visual Studio Solution File, Format Version 12.00
# Visual Studio Version 17
VisualStudioVersion = 17.14.36203.30 d17.14
MinimumVisualStudioVersion = 10.0.40219.1
Project("{888888A0-9F3D-457C-B088-3A5042F75D52}") = "Debugging", "Debugging\Debugging.pyproj", "{FF1DCBCE-CD9A-41DC-9F90-36FC09D7D36B}"
EndProject
Global
	GlobalSection(SolutionConfigurationPlatforms) = preSolution
		Debug|Any CPU = Debug|Any CPU
		Release|Any CPU = Release|Any CPU
	EndGlobalSection
	GlobalSection(ProjectConfigurationPlatforms) = postSolution
		{FF1DCBCE-CD9A-41DC-9F90-36FC09D7D36B}.Debug|Any CPU.ActiveCfg = Debug|Any CPU
		{FF1DCBCE-CD9A-41DC-9F90-36FC09D7D36B}.Release|Any CPU.ActiveCfg = Release|Any CPU
	EndGlobalSection
	GlobalSection(SolutionProperties) = preSolution
		HideSolutionNode = FALSE
	EndGlobalSection
	GlobalSection(ExtensibilityGlobals) = postSolution
		SolutionGuid = {46FEBB8A-A7F3-4DF9-8F18-3BD0A6555261}
	EndGlobalSection
EndGlobal
