
Microsoft Visual Studio Solution File, Format Version 12.00
# Visual Studio Version 17
VisualStudioVersion = 17.14.36203.30 d17.14
MinimumVisualStudioVersion = 10.0.40219.1
Project("{888888A0-9F3D-457C-B088-3A5042F75D52}") = "idontwannadothisletmeplayroblox", "idontwannadothisletmeplayroblox\idontwannadothisletmeplayroblox.pyproj", "{D2B67EE4-0A69-47A7-AAAE-DFC11C1D3248}"
EndProject
Global
	GlobalSection(SolutionConfigurationPlatforms) = preSolution
		Debug|Any CPU = Debug|Any CPU
		Release|Any CPU = Release|Any CPU
	EndGlobalSection
	GlobalSection(ProjectConfigurationPlatforms) = postSolution
		{D2B67EE4-0A69-47A7-AAAE-DFC11C1D3248}.Debug|Any CPU.ActiveCfg = Debug|Any CPU
		{D2B67EE4-0A69-47A7-AAAE-DFC11C1D3248}.Release|Any CPU.ActiveCfg = Release|Any CPU
	EndGlobalSection
	GlobalSection(SolutionProperties) = preSolution
		HideSolutionNode = FALSE
	EndGlobalSection
	GlobalSection(ExtensibilityGlobals) = postSolution
		SolutionGuid = {666ADB3A-3006-48E6-A302-48707650D3F5}
	EndGlobalSection
EndGlobal
