
Microsoft Visual Studio Solution File, Format Version 12.00
# Visual Studio Version 17
VisualStudioVersion = 17.14.36203.30 d17.14
MinimumVisualStudioVersion = 10.0.40219.1
Project("{888888A0-9F3D-457C-B088-3A5042F75D52}") = "DebugTuesday", "DebugTuesday\DebugTuesday.pyproj", "{250A9CA9-C348-46BE-810E-72E6494D1241}"
EndProject
Global
	GlobalSection(SolutionConfigurationPlatforms) = preSolution
		Debug|Any CPU = Debug|Any CPU
		Release|Any CPU = Release|Any CPU
	EndGlobalSection
	GlobalSection(ProjectConfigurationPlatforms) = postSolution
		{250A9CA9-C348-46BE-810E-72E6494D1241}.Debug|Any CPU.ActiveCfg = Debug|Any CPU
		{250A9CA9-C348-46BE-810E-72E6494D1241}.Release|Any CPU.ActiveCfg = Release|Any CPU
	EndGlobalSection
	GlobalSection(SolutionProperties) = preSolution
		HideSolutionNode = FALSE
	EndGlobalSection
	GlobalSection(ExtensibilityGlobals) = postSolution
		SolutionGuid = {845B105A-A7BD-45FB-985B-4B158262B03C}
	EndGlobalSection
EndGlobal
