
Microsoft Visual Studio Solution File, Format Version 12.00
# Visual Studio Version 17
VisualStudioVersion = 17.14.36203.30 d17.14
MinimumVisualStudioVersion = 10.0.40219.1
Project("{888888A0-9F3D-457C-B088-3A5042F75D52}") = "Quartet", "Quartet\Quartet.pyproj", "{2EEA6C3E-B500-4DF9-9F36-8CD5B90B54B9}"
EndProject
Global
	GlobalSection(SolutionConfigurationPlatforms) = preSolution
		Debug|Any CPU = Debug|Any CPU
		Release|Any CPU = Release|Any CPU
	EndGlobalSection
	GlobalSection(ProjectConfigurationPlatforms) = postSolution
		{2EEA6C3E-B500-4DF9-9F36-8CD5B90B54B9}.Debug|Any CPU.ActiveCfg = Debug|Any CPU
		{2EEA6C3E-B500-4DF9-9F36-8CD5B90B54B9}.Release|Any CPU.ActiveCfg = Release|Any CPU
	EndGlobalSection
	GlobalSection(SolutionProperties) = preSolution
		HideSolutionNode = FALSE
	EndGlobalSection
	GlobalSection(ExtensibilityGlobals) = postSolution
		SolutionGuid = {99E755B0-30C2-4769-9510-5AF2883C5465}
	EndGlobalSection
EndGlobal
