
Microsoft Visual Studio Solution File, Format Version 12.00
# Visual Studio Version 17
VisualStudioVersion = 17.14.36203.30 d17.14
MinimumVisualStudioVersion = 10.0.40219.1
Project("{888888A0-9F3D-457C-B088-3A5042F75D52}") = "PyPartay", "PyPartay\PyPartay.pyproj", "{215B52C8-FF6A-444D-B3EB-7432735802F5}"
EndProject
Global
	GlobalSection(SolutionConfigurationPlatforms) = preSolution
		Debug|Any CPU = Debug|Any CPU
		Release|Any CPU = Release|Any CPU
	EndGlobalSection
	GlobalSection(ProjectConfigurationPlatforms) = postSolution
		{215B52C8-FF6A-444D-B3EB-7432735802F5}.Debug|Any CPU.ActiveCfg = Debug|Any CPU
		{215B52C8-FF6A-444D-B3EB-7432735802F5}.Release|Any CPU.ActiveCfg = Release|Any CPU
	EndGlobalSection
	GlobalSection(SolutionProperties) = preSolution
		HideSolutionNode = FALSE
	EndGlobalSection
	GlobalSection(ExtensibilityGlobals) = postSolution
		SolutionGuid = {F476445E-40B6-4227-9090-02E742D95BF9}
	EndGlobalSection
EndGlobal
